{
  "name": "IchingKling",
  "lockfileVersion": 3,
  "requires": true,
  "packages": {
    "": {
      "dependencies": {
        "plot.js": "^0.0.6"
      }
    },
    "node_modules/plot.js": {
      "version": "0.0.6",
      "resolved": "https://registry.npmmirror.com/plot.js/-/plot.js-0.0.6.tgz",
      "integrity": "sha512-mDGqqbx8d4Twns6anqJzpod/55Ei4EK2UkeOl1Q5znZxtW9awuahKUG/EN9W0m8s1EIu9R3idOyjzmFLSwkQ3A==",
      "license": "MIT"
    }
  }
}
